
Microsoft Visual Studio Solution File, Format Version 12.00
# Visual Studio Version 17
VisualStudioVersion = 17.14.36429.23 d17.14
MinimumVisualStudioVersion = 10.0.40219.1
Project("{FAE04EC0-301F-11D3-BF4B-00C04F79EFBC}") = "Repositories", "Repositories\Repositories.csproj", "{2E355D65-4CD8-4A1A-B5DE-CF9E45839C9D}"
EndProject
Project("{FAE04EC0-301F-11D3-BF4B-00C04F79EFBC}") = "Services", "Services\Services.csproj", "{F2C86469-737A-4D83-9E71-A6AC699B64B0}"
EndProject
Project("{FAE04EC0-301F-11D3-BF4B-00C04F79EFBC}") = "WebAPI", "WebAPI\WebAPI.csproj", "{D4E55FC6-544B-4C5C-9DF4-631252B45470}"
EndProject
Global
	GlobalSection(SolutionConfigurationPlatforms) = preSolution
		Debug|Any CPU = Debug|Any CPU
		Release|Any CPU = Release|Any CPU
	EndGlobalSection
	GlobalSection(ProjectConfigurationPlatforms) = postSolution
		{2E355D65-4CD8-4A1A-B5DE-CF9E45839C9D}.Debug|Any CPU.ActiveCfg = Debug|Any CPU
		{2E355D65-4CD8-4A1A-B5DE-CF9E45839C9D}.Debug|Any CPU.Build.0 = Debug|Any CPU
		{2E355D65-4CD8-4A1A-B5DE-CF9E45839C9D}.Release|Any CPU.ActiveCfg = Release|Any CPU
		{2E355D65-4CD8-4A1A-B5DE-CF9E45839C9D}.Release|Any CPU.Build.0 = Release|Any CPU
		{F2C86469-737A-4D83-9E71-A6AC699B64B0}.Debug|Any CPU.ActiveCfg = Debug|Any CPU
		{F2C86469-737A-4D83-9E71-A6AC699B64B0}.Debug|Any CPU.Build.0 = Debug|Any CPU
		{F2C86469-737A-4D83-9E71-A6AC699B64B0}.Release|Any CPU.ActiveCfg = Release|Any CPU
		{F2C86469-737A-4D83-9E71-A6AC699B64B0}.Release|Any CPU.Build.0 = Release|Any CPU
		{D4E55FC6-544B-4C5C-9DF4-631252B45470}.Debug|Any CPU.ActiveCfg = Debug|Any CPU
		{D4E55FC6-544B-4C5C-9DF4-631252B45470}.Debug|Any CPU.Build.0 = Debug|Any CPU
		{D4E55FC6-544B-4C5C-9DF4-631252B45470}.Release|Any CPU.ActiveCfg = Release|Any CPU
		{D4E55FC6-544B-4C5C-9DF4-631252B45470}.Release|Any CPU.Build.0 = Release|Any CPU
	EndGlobalSection
	GlobalSection(SolutionProperties) = preSolution
		HideSolutionNode = FALSE
	EndGlobalSection
	GlobalSection(ExtensibilityGlobals) = postSolution
		SolutionGuid = {76761BCA-A58F-4FC2-A5A9-55D25F3DE418}
	EndGlobalSection
EndGlobal
