
Microsoft Visual Studio Solution File, Format Version 12.00
# Visual Studio Version 17
VisualStudioVersion = 17.14.36603.0 d17.14
MinimumVisualStudioVersion = 10.0.40219.1
Project("{FAE04EC0-301F-11D3-BF4B-00C04F79EFBC}") = "Repository", "Repository\Repository.csproj", "{1A285EDC-4CD9-416D-BFC0-5D3B983C5DD3}"
EndProject
Project("{FAE04EC0-301F-11D3-BF4B-00C04F79EFBC}") = "Service", "Service\Service.csproj", "{EF8744FB-132B-4B7A-85DE-8242C9AF9CD1}"
EndProject
Project("{FAE04EC0-301F-11D3-BF4B-00C04F79EFBC}") = "PE_PRN232_FA25_NguyenPhuocThinh.API", "PE_PRN232_FA25_NguyenPhuocThinh.API\PE_PRN232_FA25_NguyenPhuocThinh.API.csproj", "{8C1C699C-7A73-422A-B450-349F241A2B48}"
EndProject
Global
	GlobalSection(SolutionConfigurationPlatforms) = preSolution
		Debug|Any CPU = Debug|Any CPU
		Release|Any CPU = Release|Any CPU
	EndGlobalSection
	GlobalSection(ProjectConfigurationPlatforms) = postSolution
		{1A285EDC-4CD9-416D-BFC0-5D3B983C5DD3}.Debug|Any CPU.ActiveCfg = Debug|Any CPU
		{1A285EDC-4CD9-416D-BFC0-5D3B983C5DD3}.Debug|Any CPU.Build.0 = Debug|Any CPU
		{1A285EDC-4CD9-416D-BFC0-5D3B983C5DD3}.Release|Any CPU.ActiveCfg = Release|Any CPU
		{1A285EDC-4CD9-416D-BFC0-5D3B983C5DD3}.Release|Any CPU.Build.0 = Release|Any CPU
		{EF8744FB-132B-4B7A-85DE-8242C9AF9CD1}.Debug|Any CPU.ActiveCfg = Debug|Any CPU
		{EF8744FB-132B-4B7A-85DE-8242C9AF9CD1}.Debug|Any CPU.Build.0 = Debug|Any CPU
		{EF8744FB-132B-4B7A-85DE-8242C9AF9CD1}.Release|Any CPU.ActiveCfg = Release|Any CPU
		{EF8744FB-132B-4B7A-85DE-8242C9AF9CD1}.Release|Any CPU.Build.0 = Release|Any CPU
		{8C1C699C-7A73-422A-B450-349F241A2B48}.Debug|Any CPU.ActiveCfg = Debug|Any CPU
		{8C1C699C-7A73-422A-B450-349F241A2B48}.Debug|Any CPU.Build.0 = Debug|Any CPU
		{8C1C699C-7A73-422A-B450-349F241A2B48}.Release|Any CPU.ActiveCfg = Release|Any CPU
		{8C1C699C-7A73-422A-B450-349F241A2B48}.Release|Any CPU.Build.0 = Release|Any CPU
	EndGlobalSection
	GlobalSection(SolutionProperties) = preSolution
		HideSolutionNode = FALSE
	EndGlobalSection
	GlobalSection(ExtensibilityGlobals) = postSolution
		SolutionGuid = {E1DEA65F-0F54-4C73-9383-B07A4AF433FA}
	EndGlobalSection
EndGlobal
