
Microsoft Visual Studio Solution File, Format Version 12.00
# Visual Studio Version 17
VisualStudioVersion = 17.14.36429.23 d17.14
MinimumVisualStudioVersion = 10.0.40219.1
Project("{FAE04EC0-301F-11D3-BF4B-00C04F79EFBC}") = "PE_PRN232_FA25_PhamNhatThong_BE.Api", "PE_PRN232_FA25_PhamNhatThong_BE.Api\PE_PRN232_FA25_PhamNhatThong_BE.Api.csproj", "{3363805E-61C4-4F77-ABAD-060778B7A0A3}"
EndProject
Project("{FAE04EC0-301F-11D3-BF4B-00C04F79EFBC}") = "Repository", "Repository\Repository.csproj", "{37B08806-A3AB-43A4-99E8-2D92C92B2015}"
EndProject
Project("{FAE04EC0-301F-11D3-BF4B-00C04F79EFBC}") = "Service", "Service\Service.csproj", "{118161E9-E693-4BDB-9646-5486712B5FB7}"
EndProject
Global
	GlobalSection(SolutionConfigurationPlatforms) = preSolution
		Debug|Any CPU = Debug|Any CPU
		Release|Any CPU = Release|Any CPU
	EndGlobalSection
	GlobalSection(ProjectConfigurationPlatforms) = postSolution
		{3363805E-61C4-4F77-ABAD-060778B7A0A3}.Debug|Any CPU.ActiveCfg = Debug|Any CPU
		{3363805E-61C4-4F77-ABAD-060778B7A0A3}.Debug|Any CPU.Build.0 = Debug|Any CPU
		{3363805E-61C4-4F77-ABAD-060778B7A0A3}.Release|Any CPU.ActiveCfg = Release|Any CPU
		{3363805E-61C4-4F77-ABAD-060778B7A0A3}.Release|Any CPU.Build.0 = Release|Any CPU
		{37B08806-A3AB-43A4-99E8-2D92C92B2015}.Debug|Any CPU.ActiveCfg = Debug|Any CPU
		{37B08806-A3AB-43A4-99E8-2D92C92B2015}.Debug|Any CPU.Build.0 = Debug|Any CPU
		{37B08806-A3AB-43A4-99E8-2D92C92B2015}.Release|Any CPU.ActiveCfg = Release|Any CPU
		{37B08806-A3AB-43A4-99E8-2D92C92B2015}.Release|Any CPU.Build.0 = Release|Any CPU
		{118161E9-E693-4BDB-9646-5486712B5FB7}.Debug|Any CPU.ActiveCfg = Debug|Any CPU
		{118161E9-E693-4BDB-9646-5486712B5FB7}.Debug|Any CPU.Build.0 = Debug|Any CPU
		{118161E9-E693-4BDB-9646-5486712B5FB7}.Release|Any CPU.ActiveCfg = Release|Any CPU
		{118161E9-E693-4BDB-9646-5486712B5FB7}.Release|Any CPU.Build.0 = Release|Any CPU
	EndGlobalSection
	GlobalSection(SolutionProperties) = preSolution
		HideSolutionNode = FALSE
	EndGlobalSection
	GlobalSection(ExtensibilityGlobals) = postSolution
		SolutionGuid = {ADDCCCBB-5674-4FA9-9693-B30989135371}
	EndGlobalSection
EndGlobal
