
Microsoft Visual Studio Solution File, Format Version 12.00
# Visual Studio Version 17
VisualStudioVersion = 17.14.36603.0
MinimumVisualStudioVersion = 10.0.40219.1
Project("{FAE04EC0-301F-11D3-BF4B-00C04F79EFBC}") = "PE_PRN232_FA25_NguyenSongToan_BE", "PE_PRN232_FA25_NguyenSongToan_BE.csproj", "{3FEBFF34-D374-43FC-BD71-6A7958E9E551}"
EndProject
Project("{FAE04EC0-301F-11D3-BF4B-00C04F79EFBC}") = "Services", "..\Services\Services.csproj", "{86EBEEA5-E94B-40B1-96C1-052D41012018}"
EndProject
Project("{FAE04EC0-301F-11D3-BF4B-00C04F79EFBC}") = "Repositories", "..\Repositories\Repositories.csproj", "{FE771B7F-DCA8-4525-9524-70B18F06D53E}"
EndProject
Global
	GlobalSection(SolutionConfigurationPlatforms) = preSolution
		Debug|Any CPU = Debug|Any CPU
		Release|Any CPU = Release|Any CPU
	EndGlobalSection
	GlobalSection(ProjectConfigurationPlatforms) = postSolution
		{3FEBFF34-D374-43FC-BD71-6A7958E9E551}.Debug|Any CPU.ActiveCfg = Debug|Any CPU
		{3FEBFF34-D374-43FC-BD71-6A7958E9E551}.Debug|Any CPU.Build.0 = Debug|Any CPU
		{3FEBFF34-D374-43FC-BD71-6A7958E9E551}.Release|Any CPU.ActiveCfg = Release|Any CPU
		{3FEBFF34-D374-43FC-BD71-6A7958E9E551}.Release|Any CPU.Build.0 = Release|Any CPU
		{86EBEEA5-E94B-40B1-96C1-052D41012018}.Debug|Any CPU.ActiveCfg = Debug|Any CPU
		{86EBEEA5-E94B-40B1-96C1-052D41012018}.Debug|Any CPU.Build.0 = Debug|Any CPU
		{86EBEEA5-E94B-40B1-96C1-052D41012018}.Release|Any CPU.ActiveCfg = Release|Any CPU
		{86EBEEA5-E94B-40B1-96C1-052D41012018}.Release|Any CPU.Build.0 = Release|Any CPU
		{FE771B7F-DCA8-4525-9524-70B18F06D53E}.Debug|Any CPU.ActiveCfg = Debug|Any CPU
		{FE771B7F-DCA8-4525-9524-70B18F06D53E}.Debug|Any CPU.Build.0 = Debug|Any CPU
		{FE771B7F-DCA8-4525-9524-70B18F06D53E}.Release|Any CPU.ActiveCfg = Release|Any CPU
		{FE771B7F-DCA8-4525-9524-70B18F06D53E}.Release|Any CPU.Build.0 = Release|Any CPU
	EndGlobalSection
	GlobalSection(SolutionProperties) = preSolution
		HideSolutionNode = FALSE
	EndGlobalSection
	GlobalSection(ExtensibilityGlobals) = postSolution
		SolutionGuid = {E4124D17-A0C9-4D54-AF87-012ED79F633D}
	EndGlobalSection
EndGlobal
