
Microsoft Visual Studio Solution File, Format Version 12.00
# Visual Studio Version 17
VisualStudioVersion = 17.14.36301.6 d17.14
MinimumVisualStudioVersion = 10.0.40219.1
Project("{FAE04EC0-301F-11D3-BF4B-00C04F79EFBC}") = "Api", "Api\Api.csproj", "{DF25E5D0-CE1E-41FD-AA63-589A1484316C}"
EndProject
Project("{FAE04EC0-301F-11D3-BF4B-00C04F79EFBC}") = "Repository", "Repository\Repository.csproj", "{BCD41713-A35F-4BCB-BC59-5C70D90CDF26}"
EndProject
Project("{FAE04EC0-301F-11D3-BF4B-00C04F79EFBC}") = "Service", "Service\Service.csproj", "{E7469E6C-93EA-46C1-B98C-D26D593A8D48}"
EndProject
Global
	GlobalSection(SolutionConfigurationPlatforms) = preSolution
		Debug|Any CPU = Debug|Any CPU
		Release|Any CPU = Release|Any CPU
	EndGlobalSection
	GlobalSection(ProjectConfigurationPlatforms) = postSolution
		{DF25E5D0-CE1E-41FD-AA63-589A1484316C}.Debug|Any CPU.ActiveCfg = Debug|Any CPU
		{DF25E5D0-CE1E-41FD-AA63-589A1484316C}.Debug|Any CPU.Build.0 = Debug|Any CPU
		{DF25E5D0-CE1E-41FD-AA63-589A1484316C}.Release|Any CPU.ActiveCfg = Release|Any CPU
		{DF25E5D0-CE1E-41FD-AA63-589A1484316C}.Release|Any CPU.Build.0 = Release|Any CPU
		{BCD41713-A35F-4BCB-BC59-5C70D90CDF26}.Debug|Any CPU.ActiveCfg = Debug|Any CPU
		{BCD41713-A35F-4BCB-BC59-5C70D90CDF26}.Debug|Any CPU.Build.0 = Debug|Any CPU
		{BCD41713-A35F-4BCB-BC59-5C70D90CDF26}.Release|Any CPU.ActiveCfg = Release|Any CPU
		{BCD41713-A35F-4BCB-BC59-5C70D90CDF26}.Release|Any CPU.Build.0 = Release|Any CPU
		{E7469E6C-93EA-46C1-B98C-D26D593A8D48}.Debug|Any CPU.ActiveCfg = Debug|Any CPU
		{E7469E6C-93EA-46C1-B98C-D26D593A8D48}.Debug|Any CPU.Build.0 = Debug|Any CPU
		{E7469E6C-93EA-46C1-B98C-D26D593A8D48}.Release|Any CPU.ActiveCfg = Release|Any CPU
		{E7469E6C-93EA-46C1-B98C-D26D593A8D48}.Release|Any CPU.Build.0 = Release|Any CPU
	EndGlobalSection
	GlobalSection(SolutionProperties) = preSolution
		HideSolutionNode = FALSE
	EndGlobalSection
	GlobalSection(ExtensibilityGlobals) = postSolution
		SolutionGuid = {EDFBC9DD-C81C-4215-98D8-5F5F16D79B56}
	EndGlobalSection
EndGlobal
