
Microsoft Visual Studio Solution File, Format Version 12.00
# Visual Studio Version 17
VisualStudioVersion = 17.11.35327.3
MinimumVisualStudioVersion = 10.0.40219.1
Project("{FAE04EC0-301F-11D3-BF4B-00C04F79EFBC}") = "DAL", "DAL\DAL.csproj", "{2750AF69-23FE-40DB-9224-78D906B3DE6A}"
EndProject
Project("{FAE04EC0-301F-11D3-BF4B-00C04F79EFBC}") = "BAL", "BAL\BAL.csproj", "{7248EC5C-BC69-4696-88D9-09F44FB6BA4D}"
EndProject
Project("{FAE04EC0-301F-11D3-BF4B-00C04F79EFBC}") = "PE_PRN232_ FA25_DUONGNT_BE", "PE_PRN232_ FA25_DUONGNT_BE\PE_PRN232_ FA25_DUONGNT_BE.csproj", "{A814EF41-0BD3-4ADB-A3EA-F798B20952D0}"
EndProject
Global
	GlobalSection(SolutionConfigurationPlatforms) = preSolution
		Debug|Any CPU = Debug|Any CPU
		Release|Any CPU = Release|Any CPU
	EndGlobalSection
	GlobalSection(ProjectConfigurationPlatforms) = postSolution
		{2750AF69-23FE-40DB-9224-78D906B3DE6A}.Debug|Any CPU.ActiveCfg = Debug|Any CPU
		{2750AF69-23FE-40DB-9224-78D906B3DE6A}.Debug|Any CPU.Build.0 = Debug|Any CPU
		{2750AF69-23FE-40DB-9224-78D906B3DE6A}.Release|Any CPU.ActiveCfg = Release|Any CPU
		{2750AF69-23FE-40DB-9224-78D906B3DE6A}.Release|Any CPU.Build.0 = Release|Any CPU
		{7248EC5C-BC69-4696-88D9-09F44FB6BA4D}.Debug|Any CPU.ActiveCfg = Debug|Any CPU
		{7248EC5C-BC69-4696-88D9-09F44FB6BA4D}.Debug|Any CPU.Build.0 = Debug|Any CPU
		{7248EC5C-BC69-4696-88D9-09F44FB6BA4D}.Release|Any CPU.ActiveCfg = Release|Any CPU
		{7248EC5C-BC69-4696-88D9-09F44FB6BA4D}.Release|Any CPU.Build.0 = Release|Any CPU
		{A814EF41-0BD3-4ADB-A3EA-F798B20952D0}.Debug|Any CPU.ActiveCfg = Debug|Any CPU
		{A814EF41-0BD3-4ADB-A3EA-F798B20952D0}.Debug|Any CPU.Build.0 = Debug|Any CPU
		{A814EF41-0BD3-4ADB-A3EA-F798B20952D0}.Release|Any CPU.ActiveCfg = Release|Any CPU
		{A814EF41-0BD3-4ADB-A3EA-F798B20952D0}.Release|Any CPU.Build.0 = Release|Any CPU
	EndGlobalSection
	GlobalSection(SolutionProperties) = preSolution
		HideSolutionNode = FALSE
	EndGlobalSection
	GlobalSection(ExtensibilityGlobals) = postSolution
		SolutionGuid = {29EFFE1F-9EFE-4403-AB4A-769281D771FE}
	EndGlobalSection
EndGlobal
